// !$*UTF8*$!
{
	archiveVersion = 1;
	classes = {
	};
	objectVersion = 77;
	objects = {

/* Begin PBXBuildFile section */
		48249A3C2EC4894F0048BC66 /* Sparkle in Frameworks */ = {isa = PBXBuildFile; productRef = 48249A3B2EC4894F0048BC66 /* Sparkle */; };
/* End PBXBuildFile section */

/* Begin PBXContainerItemProxy section */
		48BD5EE92EC1E11A002188A0 /* PBXContainerItemProxy */ = {
			isa = PBXContainerItemProxy;
			containerPortal = 48BD5ED12EC1E118002188A0 /* Project object */;
			proxyType = 1;
			remoteGlobalIDString = 48BD5ED82EC1E118002188A0;
			remoteInfo = "mcp-router";
		};
		48BD5EF32EC1E11A002188A0 /* PBXContainerItemProxy */ = {
			isa = PBXContainerItemProxy;
			containerPortal = 48BD5ED12EC1E118002188A0 /* Project object */;
			proxyType = 1;
			remoteGlobalIDString = 48BD5ED82EC1E118002188A0;
			remoteInfo = "mcp-router";
		};
/* End PBXContainerItemProxy section */

/* Begin PBXFileReference section */
		48BD5ED92EC1E118002188A0 /* mcp-router.app */ = {isa = PBXFileReference; explicitFileType = wrapper.application; includeInIndex = 0; path = "mcp-router.app"; sourceTree = BUILT_PRODUCTS_DIR; };
		48BD5EE82EC1E11A002188A0 /* mcp-routerTests.xctest */ = {isa = PBXFileReference; explicitFileType = wrapper.cfbundle; includeInIndex = 0; path = "mcp-routerTests.xctest"; sourceTree = BUILT_PRODUCTS_DIR; };
		48BD5EF22EC1E11A002188A0 /* mcp-routerUITests.xctest */ = {isa = PBXFileReference; explicitFileType = wrapper.cfbundle; includeInIndex = 0; path = "mcp-routerUITests.xctest"; sourceTree = BUILT_PRODUCTS_DIR; };
/* End PBXFileReference section */

/* Begin PBXFileSystemSynchronizedRootGroup section */
		48BD5EDB2EC1E118002188A0 /* mcp-router */ = {
			isa = PBXFileSystemSynchronizedRootGroup;
			path = "mcp-router";
			sourceTree = "<group>";
		};
		48BD5EEB2EC1E11A002188A0 /* mcp-routerTests */ = {
			isa = PBXFileSystemSynchronizedRootGroup;
			path = "mcp-routerTests";
			sourceTree = "<group>";
		};
		48BD5EF52EC1E11A002188A0 /* mcp-routerUITests */ = {
			isa = PBXFileSystemSynchronizedRootGroup;
			path = "mcp-routerUITests";
			sourceTree = "<group>";
		};
/* End PBXFileSystemSynchronizedRootGroup section */

/* Begin PBXFrameworksBuildPhase section */
		48BD5ED62EC1E118002188A0 /* Frameworks */ = {
			isa = PBXFrameworksBuildPhase;
			buildActionMask = 2147483647;
			files = (
				48249A3C2EC4894F0048BC66 /* Sparkle in Frameworks */,
			);
			runOnlyForDeploymentPostprocessing = 0;
		};
		48BD5EE52EC1E11A002188A0 /* Frameworks */ = {
			isa = PBXFrameworksBuildPhase;
			buildActionMask = 2147483647;
			files = (
			);
			runOnlyForDeploymentPostprocessing = 0;
		};
		48BD5EEF2EC1E11A002188A0 /* Frameworks */ = {
			isa = PBXFrameworksBuildPhase;
			buildActionMask = 2147483647;
			files = (
			);
			runOnlyForDeploymentPostprocessing = 0;
		};
/* End PBXFrameworksBuildPhase section */

/* Begin PBXGroup section */
		48249A3A2EC4894F0048BC66 /* Frameworks */ = {
			isa = PBXGroup;
			children = (
			);
			name = Frameworks;
			sourceTree = "<group>";
		};
		48BD5ED02EC1E118002188A0 = {
			isa = PBXGroup;
			children = (
				48BD5EDB2EC1E118002188A0 /* mcp-router */,
				48BD5EEB2EC1E11A002188A0 /* mcp-routerTests */,
				48BD5EF52EC1E11A002188A0 /* mcp-routerUITests */,
				48249A3A2EC4894F0048BC66 /* Frameworks */,
				48BD5EDA2EC1E118002188A0 /* Products */,
			);
			sourceTree = "<group>";
		};
		48BD5EDA2EC1E118002188A0 /* Products */ = {
			isa = PBXGroup;
			children = (
				48BD5ED92EC1E118002188A0 /* mcp-router.app */,
				48BD5EE82EC1E11A002188A0 /* mcp-routerTests.xctest */,
				48BD5EF22EC1E11A002188A0 /* mcp-routerUITests.xctest */,
			);
			name = Products;
			sourceTree = "<group>";
		};
/* End PBXGroup section */

/* Begin PBXNativeTarget section */
		48BD5ED82EC1E118002188A0 /* mcp-router */ = {
			isa = PBXNativeTarget;
			buildConfigurationList = 48BD5EFC2EC1E11A002188A0 /* Build configuration list for PBXNativeTarget "mcp-router" */;
			buildPhases = (
				48BD5ED52EC1E118002188A0 /* Sources */,
				48BD5ED62EC1E118002188A0 /* Frameworks */,
				48BD5ED72EC1E118002188A0 /* Resources */,
			);
			buildRules = (
			);
			dependencies = (
			);
			fileSystemSynchronizedGroups = (
				48BD5EDB2EC1E118002188A0 /* mcp-router */,
			);
			name = "mcp-router";
			packageProductDependencies = (
				48249A3B2EC4894F0048BC66 /* Sparkle */,
			);
			productName = "mcp-router";
			productReference = 48BD5ED92EC1E118002188A0 /* mcp-router.app */;
			productType = "com.apple.product-type.application";
		};
		48BD5EE72EC1E11A002188A0 /* mcp-routerTests */ = {
			isa = PBXNativeTarget;
			buildConfigurationList = 48BD5EFF2EC1E11A002188A0 /* Build configuration list for PBXNativeTarget "mcp-routerTests" */;
			buildPhases = (
				48BD5EE42EC1E11A002188A0 /* Sources */,
				48BD5EE52EC1E11A002188A0 /* Frameworks */,
				48BD5EE62EC1E11A002188A0 /* Resources */,
			);
			buildRules = (
			);
			dependencies = (
				48BD5EEA2EC1E11A002188A0 /* PBXTargetDependency */,
			);
			fileSystemSynchronizedGroups = (
				48BD5EEB2EC1E11A002188A0 /* mcp-routerTests */,
			);
			name = "mcp-routerTests";
			packageProductDependencies = (
			);
			productName = "mcp-routerTests";
			productReference = 48BD5EE82EC1E11A002188A0 /* mcp-routerTests.xctest */;
			productType = "com.apple.product-type.bundle.unit-test";
		};
		48BD5EF12EC1E11A002188A0 /* mcp-routerUITests */ = {
			isa = PBXNativeTarget;
			buildConfigurationList = 48BD5F022EC1E11A002188A0 /* Build configuration list for PBXNativeTarget "mcp-routerUITests" */;
			buildPhases = (
				48BD5EEE2EC1E11A002188A0 /* Sources */,
				48BD5EEF2EC1E11A002188A0 /* Frameworks */,
				48BD5EF02EC1E11A002188A0 /* Resources */,
			);
			buildRules = (
			);
			dependencies = (
				48BD5EF42EC1E11A002188A0 /* PBXTargetDependency */,
			);
			fileSystemSynchronizedGroups = (
				48BD5EF52EC1E11A002188A0 /* mcp-routerUITests */,
			);
			name = "mcp-routerUITests";
			packageProductDependencies = (
			);
			productName = "mcp-routerUITests";
			productReference = 48BD5EF22EC1E11A002188A0 /* mcp-routerUITests.xctest */;
			productType = "com.apple.product-type.bundle.ui-testing";
		};
/* End PBXNativeTarget section */

/* Begin PBXProject section */
		48BD5ED12EC1E118002188A0 /* Project object */ = {
			isa = PBXProject;
			attributes = {
				BuildIndependentTargetsInParallel = 1;
				LastSwiftUpdateCheck = 2600;
				LastUpgradeCheck = 2600;
				TargetAttributes = {
					48BD5ED82EC1E118002188A0 = {
						CreatedOnToolsVersion = 26.0.1;
					};
					48BD5EE72EC1E11A002188A0 = {
						CreatedOnToolsVersion = 26.0.1;
						TestTargetID = 48BD5ED82EC1E118002188A0;
					};
					48BD5EF12EC1E11A002188A0 = {
						CreatedOnToolsVersion = 26.0.1;
						TestTargetID = 48BD5ED82EC1E118002188A0;
					};
				};
			};
			buildConfigurationList = 48BD5ED42EC1E118002188A0 /* Build configuration list for PBXProject "mcp-router" */;
			developmentRegion = en;
			hasScannedForEncodings = 0;
			knownRegions = (
				en,
				Base,
			);
			mainGroup = 48BD5ED02EC1E118002188A0;
			minimizedProjectReferenceProxies = 1;
			packageReferences = (
				48249A392EC489490048BC66 /* XCRemoteSwiftPackageReference "Sparkle" */,
			);
			preferredProjectObjectVersion = 77;
			productRefGroup = 48BD5EDA2EC1E118002188A0 /* Products */;
			projectDirPath = "";
			projectRoot = "";
			targets = (
				48BD5ED82EC1E118002188A0 /* mcp-router */,
				48BD5EE72EC1E11A002188A0 /* mcp-routerTests */,
				48BD5EF12EC1E11A002188A0 /* mcp-routerUITests */,
			);
		};
/* End PBXProject section */

/* Begin PBXResourcesBuildPhase section */
		48BD5ED72EC1E118002188A0 /* Resources */ = {
			isa = PBXResourcesBuildPhase;
			buildActionMask = 2147483647;
			files = (
			);
			runOnlyForDeploymentPostprocessing = 0;
		};
		48BD5EE62EC1E11A002188A0 /* Resources */ = {
			isa = PBXResourcesBuildPhase;
			buildActionMask = 2147483647;
			files = (
			);
			runOnlyForDeploymentPostprocessing = 0;
		};
		48BD5EF02EC1E11A002188A0 /* Resources */ = {
			isa = PBXResourcesBuildPhase;
			buildActionMask = 2147483647;
			files = (
			);
			runOnlyForDeploymentPostprocessing = 0;
		};
/* End PBXResourcesBuildPhase section */

/* Begin PBXSourcesBuildPhase section */
		48BD5ED52EC1E118002188A0 /* Sources */ = {
			isa = PBXSourcesBuildPhase;
			buildActionMask = 2147483647;
			files = (
			);
			runOnlyForDeploymentPostprocessing = 0;
		};
		48BD5EE42EC1E11A002188A0 /* Sources */ = {
			isa = PBXSourcesBuildPhase;
			buildActionMask = 2147483647;
			files = (
			);
			runOnlyForDeploymentPostprocessing = 0;
		};
		48BD5EEE2EC1E11A002188A0 /* Sources */ = {
			isa = PBXSourcesBuildPhase;
			buildActionMask = 2147483647;
			files = (
			);
			runOnlyForDeploymentPostprocessing = 0;
		};
/* End PBXSourcesBuildPhase section */

/* Begin PBXTargetDependency section */
		48BD5EEA2EC1E11A002188A0 /* PBXTargetDependency */ = {
			isa = PBXTargetDependency;
			target = 48BD5ED82EC1E118002188A0 /* mcp-router */;
			targetProxy = 48BD5EE92EC1E11A002188A0 /* PBXContainerItemProxy */;
		};
		48BD5EF42EC1E11A002188A0 /* PBXTargetDependency */ = {
			isa = PBXTargetDependency;
			target = 48BD5ED82EC1E118002188A0 /* mcp-router */;
			targetProxy = 48BD5EF32EC1E11A002188A0 /* PBXContainerItemProxy */;
		};
/* End PBXTargetDependency section */

/* Begin XCBuildConfiguration section */
		48BD5EFA2EC1E11A002188A0 /* Debug */ = {
			isa = XCBuildConfiguration;
			buildSettings = {
				ALWAYS_SEARCH_USER_PATHS = NO;
				ASSETCATALOG_COMPILER_GENERATE_SWIFT_ASSET_SYMBOL_EXTENSIONS = YES;
				CLANG_ANALYZER_NONNULL = YES;
				CLANG_ANALYZER_NUMBER_OBJECT_CONVERSION = YES_AGGRESSIVE;
				CLANG_CXX_LANGUAGE_STANDARD = "gnu++20";
				CLANG_ENABLE_MODULES = YES;
				CLANG_ENABLE_OBJC_ARC = YES;
				CLANG_ENABLE_OBJC_WEAK = YES;
				CLANG_WARN_BLOCK_CAPTURE_AUTORELEASING = YES;
				CLANG_WARN_BOOL_CONVERSION = YES;
				CLANG_WARN_COMMA = YES;
				CLANG_WARN_CONSTANT_CONVERSION = YES;
				CLANG_WARN_DEPRECATED_OBJC_IMPLEMENTATIONS = YES;
				CLANG_WARN_DIRECT_OBJC_ISA_USAGE = YES_ERROR;
				CLANG_WARN_DOCUMENTATION_COMMENTS = YES;
				CLANG_WARN_EMPTY_BODY = YES;
				CLANG_WARN_ENUM_CONVERSION = YES;
				CLANG_WARN_INFINITE_RECURSION = YES;
				CLANG_WARN_INT_CONVERSION = YES;
				CLANG_WARN_NON_LITERAL_NULL_CONVERSION = YES;
				CLANG_WARN_OBJC_IMPLICIT_RETAIN_SELF = YES;
				CLANG_WARN_OBJC_LITERAL_CONVERSION = YES;
				CLANG_WARN_OBJC_ROOT_CLASS = YES_ERROR;
				CLANG_WARN_QUOTED_INCLUDE_IN_FRAMEWORK_HEADER = YES;
				CLANG_WARN_RANGE_LOOP_ANALYSIS = YES;
				CLANG_WARN_STRICT_PROTOTYPES = YES;
				CLANG_WARN_SUSPICIOUS_MOVE = YES;
				CLANG_WARN_UNGUARDED_AVAILABILITY = YES_AGGRESSIVE;
				CLANG_WARN_UNREACHABLE_CODE = YES;
				CLANG_WARN__DUPLICATE_METHOD_MATCH = YES;
				COPY_PHASE_STRIP = NO;
				DEBUG_INFORMATION_FORMAT = dwarf;
				DEVELOPMENT_TEAM = K7T2J28754;
				ENABLE_STRICT_OBJC_MSGSEND = YES;
				ENABLE_TESTABILITY = YES;
				ENABLE_USER_SCRIPT_SANDBOXING = YES;
				GCC_C_LANGUAGE_STANDARD = gnu17;
				GCC_DYNAMIC_NO_PIC = NO;
				GCC_NO_COMMON_BLOCKS = YES;
				GCC_OPTIMIZATION_LEVEL = 0;
				GCC_PREPROCESSOR_DEFINITIONS = (
					"DEBUG=1",
					"$(inherited)",
				);
				GCC_WARN_64_TO_32_BIT_CONVERSION = YES;
				GCC_WARN_ABOUT_RETURN_TYPE = YES_ERROR;
				GCC_WARN_UNDECLARED_SELECTOR = YES;
				GCC_WARN_UNINITIALIZED_AUTOS = YES_AGGRESSIVE;
				GCC_WARN_UNUSED_FUNCTION = YES;
				GCC_WARN_UNUSED_VARIABLE = YES;
				LOCALIZATION_PREFERS_STRING_CATALOGS = YES;
				MACOSX_DEPLOYMENT_TARGET = 14.0;
				MTL_ENABLE_DEBUG_INFO = INCLUDE_SOURCE;
				MTL_FAST_MATH = YES;
				ONLY_ACTIVE_ARCH = YES;
				SDKROOT = macosx;
				SWIFT_ACTIVE_COMPILATION_CONDITIONS = "DEBUG $(inherited)";
				SWIFT_OPTIMIZATION_LEVEL = "-Onone";
			};
			name = Debug;
		};
		48BD5EFB2EC1E11A002188A0 /* Release */ = {
			isa = XCBuildConfiguration;
			buildSettings = {
				ALWAYS_SEARCH_USER_PATHS = NO;
				ASSETCATALOG_COMPILER_GENERATE_SWIFT_ASSET_SYMBOL_EXTENSIONS = YES;
				CLANG_ANALYZER_NONNULL = YES;
				CLANG_ANALYZER_NUMBER_OBJECT_CONVERSION = YES_AGGRESSIVE;
				CLANG_CXX_LANGUAGE_STANDARD = "gnu++20";
				CLANG_ENABLE_MODULES = YES;
				CLANG_ENABLE_OBJC_ARC = YES;
				CLANG_ENABLE_OBJC_WEAK = YES;
				CLANG_WARN_BLOCK_CAPTURE_AUTORELEASING = YES;
				CLANG_WARN_BOOL_CONVERSION = YES;
				CLANG_WARN_COMMA = YES;
				CLANG_WARN_CONSTANT_CONVERSION = YES;
				CLANG_WARN_DEPRECATED_OBJC_IMPLEMENTATIONS = YES;
				CLANG_WARN_DIRECT_OBJC_ISA_USAGE = YES_ERROR;
				CLANG_WARN_DOCUMENTATION_COMMENTS = YES;
				CLANG_WARN_EMPTY_BODY = YES;
				CLANG_WARN_ENUM_CONVERSION = YES;
				CLANG_WARN_INFINITE_RECURSION = YES;
				CLANG_WARN_INT_CONVERSION = YES;
				CLANG_WARN_NON_LITERAL_NULL_CONVERSION = YES;
				CLANG_WARN_OBJC_IMPLICIT_RETAIN_SELF = YES;
				CLANG_WARN_OBJC_LITERAL_CONVERSION = YES;
				CLANG_WARN_OBJC_ROOT_CLASS = YES_ERROR;
				CLANG_WARN_QUOTED_INCLUDE_IN_FRAMEWORK_HEADER = YES;
				CLANG_WARN_RANGE_LOOP_ANALYSIS = YES;
				CLANG_WARN_STRICT_PROTOTYPES = YES;
				CLANG_WARN_SUSPICIOUS_MOVE = YES;
				CLANG_WARN_UNGUARDED_AVAILABILITY = YES_AGGRESSIVE;
				CLANG_WARN_UNREACHABLE_CODE = YES;
				CLANG_WARN__DUPLICATE_METHOD_MATCH = YES;
				COPY_PHASE_STRIP = NO;
				DEBUG_INFORMATION_FORMAT = "dwarf-with-dsym";
				DEVELOPMENT_TEAM = K7T2J28754;
				ENABLE_NS_ASSERTIONS = NO;
				ENABLE_STRICT_OBJC_MSGSEND = YES;
				ENABLE_USER_SCRIPT_SANDBOXING = YES;
				GCC_C_LANGUAGE_STANDARD = gnu17;
				GCC_NO_COMMON_BLOCKS = YES;
				GCC_WARN_64_TO_32_BIT_CONVERSION = YES;
				GCC_WARN_ABOUT_RETURN_TYPE = YES_ERROR;
				GCC_WARN_UNDECLARED_SELECTOR = YES;
				GCC_WARN_UNINITIALIZED_AUTOS = YES_AGGRESSIVE;
				GCC_WARN_UNUSED_FUNCTION = YES;
				GCC_WARN_UNUSED_VARIABLE = YES;
				LOCALIZATION_PREFERS_STRING_CATALOGS = YES;
				MACOSX_DEPLOYMENT_TARGET = 14.0;
				MTL_ENABLE_DEBUG_INFO = NO;
				MTL_FAST_MATH = YES;
				SDKROOT = macosx;
				SWIFT_COMPILATION_MODE = wholemodule;
			};
			name = Release;
		};
		48BD5EFD2EC1E11A002188A0 /* Debug */ = {
			isa = XCBuildConfiguration;
			buildSettings = {
				ASSETCATALOG_COMPILER_APPICON_NAME = AppIcon;
				ASSETCATALOG_COMPILER_GLOBAL_ACCENT_COLOR_NAME = AccentColor;
				CODE_SIGN_STYLE = Automatic;
				COMBINE_HIDPI_IMAGES = YES;
				CURRENT_PROJECT_VERSION = 3;
				DEVELOPMENT_TEAM = K7T2J28754;
				ENABLE_APP_SANDBOX = NO;
				ENABLE_HARDENED_RUNTIME = YES;
				ENABLE_INCOMING_NETWORK_CONNECTIONS = YES;
				ENABLE_OUTGOING_NETWORK_CONNECTIONS = YES;
				ENABLE_PREVIEWS = YES;
				ENABLE_RESOURCE_ACCESS_AUDIO_INPUT = NO;
				ENABLE_RESOURCE_ACCESS_BLUETOOTH = NO;
				ENABLE_RESOURCE_ACCESS_CALENDARS = NO;
				ENABLE_RESOURCE_ACCESS_CAMERA = NO;
				ENABLE_RESOURCE_ACCESS_CONTACTS = NO;
				ENABLE_RESOURCE_ACCESS_LOCATION = NO;
				ENABLE_RESOURCE_ACCESS_PRINTING = NO;
				ENABLE_RESOURCE_ACCESS_USB = NO;
				ENABLE_USER_SELECTED_FILES = readonly;
				GENERATE_INFOPLIST_FILE = NO;
				INFOPLIST_FILE = "mcp-router/Info.plist";
				INFOPLIST_KEY_NSHumanReadableCopyright = "";
				LD_RUNPATH_SEARCH_PATHS = (
					"$(inherited)",
					"@executable_path/../Frameworks",
				);
				MARKETING_VERSION = "0.0.2-beta.7";
				PRODUCT_BUNDLE_IDENTIFIER = "com.higuaifan.mcp-router";
				PRODUCT_NAME = "$(TARGET_NAME)";
				REGISTER_APP_GROUPS = YES;
				STRING_CATALOG_GENERATE_SYMBOLS = YES;
				SUAutomaticallyUpdate = NO;
				SUEnableAutomaticChecks = YES;
				SUFeedURL = "https://raw.githubusercontent.com/vimo-ai/mcp-router/main/appcast.xml";
				SUPublicEDKey = "Ngfa6RMr8U3E3E59QHH4V41HP94023V31BxksIzY+28=";
				SUScheduledCheckInterval = 86400;
				SUShowReleaseNotes = YES;
				SWIFT_APPROACHABLE_CONCURRENCY = YES;
				SWIFT_DEFAULT_ACTOR_ISOLATION = MainActor;
				SWIFT_EMIT_LOC_STRINGS = YES;
				SWIFT_UPCOMING_FEATURE_MEMBER_IMPORT_VISIBILITY = YES;
				SWIFT_VERSION = 5.0;
			};
			name = Debug;
		};
		48BD5EFE2EC1E11A002188A0 /* Release */ = {
			isa = XCBuildConfiguration;
			buildSettings = {
				ASSETCATALOG_COMPILER_APPICON_NAME = AppIcon;
				ASSETCATALOG_COMPILER_GLOBAL_ACCENT_COLOR_NAME = AccentColor;
				CODE_SIGN_STYLE = Automatic;
				COMBINE_HIDPI_IMAGES = YES;
				CURRENT_PROJECT_VERSION = 3;
				DEVELOPMENT_TEAM = K7T2J28754;
				ENABLE_APP_SANDBOX = NO;
				ENABLE_HARDENED_RUNTIME = YES;
				ENABLE_INCOMING_NETWORK_CONNECTIONS = YES;
				ENABLE_OUTGOING_NETWORK_CONNECTIONS = YES;
				ENABLE_PREVIEWS = YES;
				ENABLE_RESOURCE_ACCESS_AUDIO_INPUT = NO;
				ENABLE_RESOURCE_ACCESS_BLUETOOTH = NO;
				ENABLE_RESOURCE_ACCESS_CALENDARS = NO;
				ENABLE_RESOURCE_ACCESS_CAMERA = NO;
				ENABLE_RESOURCE_ACCESS_CONTACTS = NO;
				ENABLE_RESOURCE_ACCESS_LOCATION = NO;
				ENABLE_RESOURCE_ACCESS_PRINTING = NO;
				ENABLE_RESOURCE_ACCESS_USB = NO;
				ENABLE_USER_SELECTED_FILES = readonly;
				GENERATE_INFOPLIST_FILE = NO;
				INFOPLIST_FILE = "mcp-router/Info.plist";
				INFOPLIST_KEY_NSHumanReadableCopyright = "";
				LD_RUNPATH_SEARCH_PATHS = (
					"$(inherited)",
					"@executable_path/../Frameworks",
				);
				MARKETING_VERSION = "0.0.2-beta.7";
				PRODUCT_BUNDLE_IDENTIFIER = "com.higuaifan.mcp-router";
				PRODUCT_NAME = "$(TARGET_NAME)";
				REGISTER_APP_GROUPS = YES;
				STRING_CATALOG_GENERATE_SYMBOLS = YES;
				SUAutomaticallyUpdate = NO;
				SUEnableAutomaticChecks = YES;
				SUFeedURL = "https://raw.githubusercontent.com/vimo-ai/mcp-router/main/appcast.xml";
				SUPublicEDKey = "Ngfa6RMr8U3E3E59QHH4V41HP94023V31BxksIzY+28=";
				SUScheduledCheckInterval = 86400;
				SUShowReleaseNotes = YES;
				SWIFT_APPROACHABLE_CONCURRENCY = YES;
				SWIFT_DEFAULT_ACTOR_ISOLATION = MainActor;
				SWIFT_EMIT_LOC_STRINGS = YES;
				SWIFT_UPCOMING_FEATURE_MEMBER_IMPORT_VISIBILITY = YES;
				SWIFT_VERSION = 5.0;
			};
			name = Release;
		};
		48BD5F002EC1E11A002188A0 /* Debug */ = {
			isa = XCBuildConfiguration;
			buildSettings = {
				BUNDLE_LOADER = "$(TEST_HOST)";
				CODE_SIGN_STYLE = Automatic;
				CURRENT_PROJECT_VERSION = 3;
				DEVELOPMENT_TEAM = K7T2J28754;
				GENERATE_INFOPLIST_FILE = NO;
				INFOPLIST_FILE = "mcp-router/Info.plist";
				MACOSX_DEPLOYMENT_TARGET = 14.0;
				MARKETING_VERSION = "0.0.2-beta.7";
				PRODUCT_BUNDLE_IDENTIFIER = "com.higuaifan.mcp-routerTests";
				PRODUCT_NAME = "$(TARGET_NAME)";
				STRING_CATALOG_GENERATE_SYMBOLS = NO;
				SWIFT_APPROACHABLE_CONCURRENCY = YES;
				SWIFT_EMIT_LOC_STRINGS = NO;
				SWIFT_UPCOMING_FEATURE_MEMBER_IMPORT_VISIBILITY = YES;
				SWIFT_VERSION = 5.0;
				TEST_HOST = "$(BUILT_PRODUCTS_DIR)/mcp-router.app/$(BUNDLE_EXECUTABLE_FOLDER_PATH)/mcp-router";
			};
			name = Debug;
		};
		48BD5F012EC1E11A002188A0 /* Release */ = {
			isa = XCBuildConfiguration;
			buildSettings = {
				BUNDLE_LOADER = "$(TEST_HOST)";
				CODE_SIGN_STYLE = Automatic;
				CURRENT_PROJECT_VERSION = 3;
				DEVELOPMENT_TEAM = K7T2J28754;
				GENERATE_INFOPLIST_FILE = NO;
				INFOPLIST_FILE = "mcp-router/Info.plist";
				MACOSX_DEPLOYMENT_TARGET = 14.0;
				MARKETING_VERSION = "0.0.2-beta.7";
				PRODUCT_BUNDLE_IDENTIFIER = "com.higuaifan.mcp-routerTests";
				PRODUCT_NAME = "$(TARGET_NAME)";
				STRING_CATALOG_GENERATE_SYMBOLS = NO;
				SWIFT_APPROACHABLE_CONCURRENCY = YES;
				SWIFT_EMIT_LOC_STRINGS = NO;
				SWIFT_UPCOMING_FEATURE_MEMBER_IMPORT_VISIBILITY = YES;
				SWIFT_VERSION = 5.0;
				TEST_HOST = "$(BUILT_PRODUCTS_DIR)/mcp-router.app/$(BUNDLE_EXECUTABLE_FOLDER_PATH)/mcp-router";
			};
			name = Release;
		};
		48BD5F032EC1E11A002188A0 /* Debug */ = {
			isa = XCBuildConfiguration;
			buildSettings = {
				CODE_SIGN_STYLE = Automatic;
				CURRENT_PROJECT_VERSION = 3;
				DEVELOPMENT_TEAM = K7T2J28754;
				GENERATE_INFOPLIST_FILE = NO;
				INFOPLIST_FILE = "mcp-router/Info.plist";
				MARKETING_VERSION = "0.0.2-beta.7";
				PRODUCT_BUNDLE_IDENTIFIER = "com.higuaifan.mcp-routerUITests";
				PRODUCT_NAME = "$(TARGET_NAME)";
				STRING_CATALOG_GENERATE_SYMBOLS = NO;
				SWIFT_APPROACHABLE_CONCURRENCY = YES;
				SWIFT_EMIT_LOC_STRINGS = NO;
				SWIFT_UPCOMING_FEATURE_MEMBER_IMPORT_VISIBILITY = YES;
				SWIFT_VERSION = 5.0;
				TEST_TARGET_NAME = "mcp-router";
			};
			name = Debug;
		};
		48BD5F042EC1E11A002188A0 /* Release */ = {
			isa = XCBuildConfiguration;
			buildSettings = {
				CODE_SIGN_STYLE = Automatic;
				CURRENT_PROJECT_VERSION = 3;
				DEVELOPMENT_TEAM = K7T2J28754;
				GENERATE_INFOPLIST_FILE = NO;
				INFOPLIST_FILE = "mcp-router/Info.plist";
				MARKETING_VERSION = "0.0.2-beta.7";
				PRODUCT_BUNDLE_IDENTIFIER = "com.higuaifan.mcp-routerUITests";
				PRODUCT_NAME = "$(TARGET_NAME)";
				STRING_CATALOG_GENERATE_SYMBOLS = NO;
				SWIFT_APPROACHABLE_CONCURRENCY = YES;
				SWIFT_EMIT_LOC_STRINGS = NO;
				SWIFT_UPCOMING_FEATURE_MEMBER_IMPORT_VISIBILITY = YES;
				SWIFT_VERSION = 5.0;
				TEST_TARGET_NAME = "mcp-router";
			};
			name = Release;
		};
/* End XCBuildConfiguration section */

/* Begin XCConfigurationList section */
		48BD5ED42EC1E118002188A0 /* Build configuration list for PBXProject "mcp-router" */ = {
			isa = XCConfigurationList;
			buildConfigurations = (
				48BD5EFA2EC1E11A002188A0 /* Debug */,
				48BD5EFB2EC1E11A002188A0 /* Release */,
			);
			defaultConfigurationIsVisible = 0;
			defaultConfigurationName = Release;
		};
		48BD5EFC2EC1E11A002188A0 /* Build configuration list for PBXNativeTarget "mcp-router" */ = {
			isa = XCConfigurationList;
			buildConfigurations = (
				48BD5EFD2EC1E11A002188A0 /* Debug */,
				48BD5EFE2EC1E11A002188A0 /* Release */,
			);
			defaultConfigurationIsVisible = 0;
			defaultConfigurationName = Release;
		};
		48BD5EFF2EC1E11A002188A0 /* Build configuration list for PBXNativeTarget "mcp-routerTests" */ = {
			isa = XCConfigurationList;
			buildConfigurations = (
				48BD5F002EC1E11A002188A0 /* Debug */,
				48BD5F012EC1E11A002188A0 /* Release */,
			);
			defaultConfigurationIsVisible = 0;
			defaultConfigurationName = Release;
		};
		48BD5F022EC1E11A002188A0 /* Build configuration list for PBXNativeTarget "mcp-routerUITests" */ = {
			isa = XCConfigurationList;
			buildConfigurations = (
				48BD5F032EC1E11A002188A0 /* Debug */,
				48BD5F042EC1E11A002188A0 /* Release */,
			);
			defaultConfigurationIsVisible = 0;
			defaultConfigurationName = Release;
		};
/* End XCConfigurationList section */

/* Begin XCRemoteSwiftPackageReference section */
		48249A392EC489490048BC66 /* XCRemoteSwiftPackageReference "Sparkle" */ = {
			isa = XCRemoteSwiftPackageReference;
			repositoryURL = "https://github.com/sparkle-project/Sparkle";
			requirement = {
				kind = upToNextMajorVersion;
				minimumVersion = 2.8.0;
			};
		};
/* End XCRemoteSwiftPackageReference section */

/* Begin XCSwiftPackageProductDependency section */
		48249A3B2EC4894F0048BC66 /* Sparkle */ = {
			isa = XCSwiftPackageProductDependency;
			package = 48249A392EC489490048BC66 /* XCRemoteSwiftPackageReference "Sparkle" */;
			productName = Sparkle;
		};
/* End XCSwiftPackageProductDependency section */
	};
	rootObject = 48BD5ED12EC1E118002188A0 /* Project object */;
}
